
Microsoft Visual Studio Solution File, Format Version 12.00
# Visual Studio Version 17
VisualStudioVersion = 17.8.34316.72
MinimumVisualStudioVersion = 10.0.40219.1
Project("{9A19103F-16F7-4668-BE54-9A1E7A4F7556}") = "RedisTutorial.Notes", "RedisTutorial.Notes\RedisTutorial.Notes.csproj", "{3F79C63E-DC2B-4D1F-A1A3-7F42951AF267}"
EndProject
Project("{9A19103F-16F7-4668-BE54-9A1E7A4F7556}") = "InMemoryCache", "InMemoryCache\InMemoryCache.csproj", "{E820FF0C-095E-497D-95A9-90FF7A5999D3}"
EndProject
Project("{9A19103F-16F7-4668-BE54-9A1E7A4F7556}") = "Distrubutred.Cache", "Distrubutred.Cache\Distrubutred.Cache.csproj", "{FE33C53E-A441-4E8D-9625-E8C9A60C7DF6}"
EndProject
Project("{9A19103F-16F7-4668-BE54-9A1E7A4F7556}") = "Redis.Publisher", "Redis.Publisher\Redis.Publisher.csproj", "{2A22E1C5-96F7-4C6E-81B0-CACDE7FABF57}"
EndProject
Project("{9A19103F-16F7-4668-BE54-9A1E7A4F7556}") = "Redis.Subscriber", "Redis.Subscriber\Redis.Subscriber.csproj", "{99BB1A13-B9ED-4974-8CC0-389DDA007C78}"
EndProject
Global
	GlobalSection(SolutionConfigurationPlatforms) = preSolution
		Debug|Any CPU = Debug|Any CPU
		Release|Any CPU = Release|Any CPU
	EndGlobalSection
	GlobalSection(ProjectConfigurationPlatforms) = postSolution
		{3F79C63E-DC2B-4D1F-A1A3-7F42951AF267}.Debug|Any CPU.ActiveCfg = Debug|Any CPU
		{3F79C63E-DC2B-4D1F-A1A3-7F42951AF267}.Debug|Any CPU.Build.0 = Debug|Any CPU
		{3F79C63E-DC2B-4D1F-A1A3-7F42951AF267}.Release|Any CPU.ActiveCfg = Release|Any CPU
		{3F79C63E-DC2B-4D1F-A1A3-7F42951AF267}.Release|Any CPU.Build.0 = Release|Any CPU
		{E820FF0C-095E-497D-95A9-90FF7A5999D3}.Debug|Any CPU.ActiveCfg = Debug|Any CPU
		{E820FF0C-095E-497D-95A9-90FF7A5999D3}.Debug|Any CPU.Build.0 = Debug|Any CPU
		{E820FF0C-095E-497D-95A9-90FF7A5999D3}.Release|Any CPU.ActiveCfg = Release|Any CPU
		{E820FF0C-095E-497D-95A9-90FF7A5999D3}.Release|Any CPU.Build.0 = Release|Any CPU
		{FE33C53E-A441-4E8D-9625-E8C9A60C7DF6}.Debug|Any CPU.ActiveCfg = Debug|Any CPU
		{FE33C53E-A441-4E8D-9625-E8C9A60C7DF6}.Debug|Any CPU.Build.0 = Debug|Any CPU
		{FE33C53E-A441-4E8D-9625-E8C9A60C7DF6}.Release|Any CPU.ActiveCfg = Release|Any CPU
		{FE33C53E-A441-4E8D-9625-E8C9A60C7DF6}.Release|Any CPU.Build.0 = Release|Any CPU
		{2A22E1C5-96F7-4C6E-81B0-CACDE7FABF57}.Debug|Any CPU.ActiveCfg = Debug|Any CPU
		{2A22E1C5-96F7-4C6E-81B0-CACDE7FABF57}.Debug|Any CPU.Build.0 = Debug|Any CPU
		{2A22E1C5-96F7-4C6E-81B0-CACDE7FABF57}.Release|Any CPU.ActiveCfg = Release|Any CPU
		{2A22E1C5-96F7-4C6E-81B0-CACDE7FABF57}.Release|Any CPU.Build.0 = Release|Any CPU
		{99BB1A13-B9ED-4974-8CC0-389DDA007C78}.Debug|Any CPU.ActiveCfg = Debug|Any CPU
		{99BB1A13-B9ED-4974-8CC0-389DDA007C78}.Debug|Any CPU.Build.0 = Debug|Any CPU
		{99BB1A13-B9ED-4974-8CC0-389DDA007C78}.Release|Any CPU.ActiveCfg = Release|Any CPU
		{99BB1A13-B9ED-4974-8CC0-389DDA007C78}.Release|Any CPU.Build.0 = Release|Any CPU
	EndGlobalSection
	GlobalSection(SolutionProperties) = preSolution
		HideSolutionNode = FALSE
	EndGlobalSection
	GlobalSection(ExtensibilityGlobals) = postSolution
		SolutionGuid = {B0904800-0997-4440-8E1F-B0298270B195}
	EndGlobalSection
EndGlobal
